// !$*UTF8*$!
{
	archiveVersion = 1;
	classes = {
	};
	objectVersion = 50;
	objects = {

/* Begin PBXBuildFile section */
		7708898D222E78B2006189E3 /* KAKAMoveTaskTree.swift in Sources */ = {isa = PBXBuildFile; fileRef = 7708898A222E78B2006189E3 /* KAKAMoveTaskTree.swift */; };
		7708898E222E78B2006189E3 /* KAKAMoveTask.swift in Sources */ = {isa = PBXBuildFile; fileRef = 7708898B222E78B2006189E3 /* KAKAMoveTask.swift */; };
		7708898F222E78B2006189E3 /* KAKAMoveTaskChain.swift in Sources */ = {isa = PBXBuildFile; fileRef = 7708898C222E78B2006189E3 /* KAKAMoveTaskChain.swift */; };
		77088997222E7C2F006189E3 /* BaseWindowController.swift in Sources */ = {isa = PBXBuildFile; fileRef = 77088995222E7C2F006189E3 /* BaseWindowController.swift */; };
		77088998222E7C2F006189E3 /* BaseWindowController.xib in Resources */ = {isa = PBXBuildFile; fileRef = 77088996222E7C2F006189E3 /* BaseWindowController.xib */; };
		77088AC2222E8295006189E3 /* TaskChianWindowController.swift in Sources */ = {isa = PBXBuildFile; fileRef = 77088AC1222E8295006189E3 /* TaskChianWindowController.swift */; };
		77088AC4222E82AB006189E3 /* TaskTreeWindowController.swift in Sources */ = {isa = PBXBuildFile; fileRef = 77088AC3222E82AB006189E3 /* TaskTreeWindowController.swift */; };
		772522B0222F54E200EF3CF2 /* TestTask.swift in Sources */ = {isa = PBXBuildFile; fileRef = 772522AF222F54E200EF3CF2 /* TestTask.swift */; };
		772522B2222F557600EF3CF2 /* UseTimeItem.swift in Sources */ = {isa = PBXBuildFile; fileRef = 772522B1222F557600EF3CF2 /* UseTimeItem.swift */; };
		77C92A4D222D2B4B009EA511 /* AppDelegate.swift in Sources */ = {isa = PBXBuildFile; fileRef = 77C92A4C222D2B4B009EA511 /* AppDelegate.swift */; };
		77C92A4F222D2B4C009EA511 /* Assets.xcassets in Resources */ = {isa = PBXBuildFile; fileRef = 77C92A4E222D2B4C009EA511 /* Assets.xcassets */; };
		77C92A52222D2B4C009EA511 /* MainMenu.xib in Resources */ = {isa = PBXBuildFile; fileRef = 77C92A50222D2B4C009EA511 /* MainMenu.xib */; };
/* End PBXBuildFile section */

/* Begin PBXFileReference section */
		7708898A222E78B2006189E3 /* KAKAMoveTaskTree.swift */ = {isa = PBXFileReference; fileEncoding = 4; lastKnownFileType = sourcecode.swift; path = KAKAMoveTaskTree.swift; sourceTree = "<group>"; };
		7708898B222E78B2006189E3 /* KAKAMoveTask.swift */ = {isa = PBXFileReference; fileEncoding = 4; lastKnownFileType = sourcecode.swift; path = KAKAMoveTask.swift; sourceTree = "<group>"; };
		7708898C222E78B2006189E3 /* KAKAMoveTaskChain.swift */ = {isa = PBXFileReference; fileEncoding = 4; lastKnownFileType = sourcecode.swift; path = KAKAMoveTaskChain.swift; sourceTree = "<group>"; };
		77088995222E7C2F006189E3 /* BaseWindowController.swift */ = {isa = PBXFileReference; lastKnownFileType = sourcecode.swift; path = BaseWindowController.swift; sourceTree = "<group>"; };
		77088996222E7C2F006189E3 /* BaseWindowController.xib */ = {isa = PBXFileReference; lastKnownFileType = file.xib; path = BaseWindowController.xib; sourceTree = "<group>"; };
		77088AC1222E8295006189E3 /* TaskChianWindowController.swift */ = {isa = PBXFileReference; lastKnownFileType = sourcecode.swift; path = TaskChianWindowController.swift; sourceTree = "<group>"; };
		77088AC3222E82AB006189E3 /* TaskTreeWindowController.swift */ = {isa = PBXFileReference; lastKnownFileType = sourcecode.swift; path = TaskTreeWindowController.swift; sourceTree = "<group>"; };
		772522AF222F54E200EF3CF2 /* TestTask.swift */ = {isa = PBXFileReference; lastKnownFileType = sourcecode.swift; path = TestTask.swift; sourceTree = "<group>"; };
		772522B1222F557600EF3CF2 /* UseTimeItem.swift */ = {isa = PBXFileReference; lastKnownFileType = sourcecode.swift; path = UseTimeItem.swift; sourceTree = "<group>"; };
		77C92A49222D2B4B009EA511 /* KAKAMoveMultiTask.app */ = {isa = PBXFileReference; explicitFileType = wrapper.application; includeInIndex = 0; path = KAKAMoveMultiTask.app; sourceTree = BUILT_PRODUCTS_DIR; };
		77C92A4C222D2B4B009EA511 /* AppDelegate.swift */ = {isa = PBXFileReference; lastKnownFileType = sourcecode.swift; path = AppDelegate.swift; sourceTree = "<group>"; };
		77C92A4E222D2B4C009EA511 /* Assets.xcassets */ = {isa = PBXFileReference; lastKnownFileType = folder.assetcatalog; path = Assets.xcassets; sourceTree = "<group>"; };
		77C92A51222D2B4C009EA511 /* Base */ = {isa = PBXFileReference; lastKnownFileType = file.xib; name = Base; path = Base.lproj/MainMenu.xib; sourceTree = "<group>"; };
		77C92A53222D2B4C009EA511 /* Info.plist */ = {isa = PBXFileReference; lastKnownFileType = text.plist.xml; path = Info.plist; sourceTree = "<group>"; };
		77C92A54222D2B4C009EA511 /* KAKAMoveMultiTask.entitlements */ = {isa = PBXFileReference; lastKnownFileType = text.plist.entitlements; path = KAKAMoveMultiTask.entitlements; sourceTree = "<group>"; };
/* End PBXFileReference section */

/* Begin PBXFrameworksBuildPhase section */
		77C92A46222D2B4B009EA511 /* Frameworks */ = {
			isa = PBXFrameworksBuildPhase;
			buildActionMask = 2147483647;
			files = (
			);
			runOnlyForDeploymentPostprocessing = 0;
		};
/* End PBXFrameworksBuildPhase section */

/* Begin PBXGroup section */
		77088989222E78B2006189E3 /* KAKAMoveTask */ = {
			isa = PBXGroup;
			children = (
				7708898A222E78B2006189E3 /* KAKAMoveTaskTree.swift */,
				7708898C222E78B2006189E3 /* KAKAMoveTaskChain.swift */,
				7708898B222E78B2006189E3 /* KAKAMoveTask.swift */,
			);
			path = KAKAMoveTask;
			sourceTree = "<group>";
		};
		77088990222E7A78006189E3 /* classes */ = {
			isa = PBXGroup;
			children = (
				772522D8222F945600EF3CF2 /* Tasks */,
				772522AE222F54BB00EF3CF2 /* windowController */,
			);
			path = classes;
			sourceTree = "<group>";
		};
		772522AE222F54BB00EF3CF2 /* windowController */ = {
			isa = PBXGroup;
			children = (
				77088995222E7C2F006189E3 /* BaseWindowController.swift */,
				77088996222E7C2F006189E3 /* BaseWindowController.xib */,
				77088AC1222E8295006189E3 /* TaskChianWindowController.swift */,
				77088AC3222E82AB006189E3 /* TaskTreeWindowController.swift */,
			);
			path = windowController;
			sourceTree = "<group>";
		};
		772522D8222F945600EF3CF2 /* Tasks */ = {
			isa = PBXGroup;
			children = (
				772522AF222F54E200EF3CF2 /* TestTask.swift */,
				772522B1222F557600EF3CF2 /* UseTimeItem.swift */,
			);
			path = Tasks;
			sourceTree = "<group>";
		};
		77C92A40222D2B4B009EA511 = {
			isa = PBXGroup;
			children = (
				77088989222E78B2006189E3 /* KAKAMoveTask */,
				77C92A4B222D2B4B009EA511 /* KAKAMoveMultiTask */,
				77C92A4A222D2B4B009EA511 /* Products */,
			);
			sourceTree = "<group>";
		};
		77C92A4A222D2B4B009EA511 /* Products */ = {
			isa = PBXGroup;
			children = (
				77C92A49222D2B4B009EA511 /* KAKAMoveMultiTask.app */,
			);
			name = Products;
			sourceTree = "<group>";
		};
		77C92A4B222D2B4B009EA511 /* KAKAMoveMultiTask */ = {
			isa = PBXGroup;
			children = (
				77088990222E7A78006189E3 /* classes */,
				77C92A4C222D2B4B009EA511 /* AppDelegate.swift */,
				77C92A4E222D2B4C009EA511 /* Assets.xcassets */,
				77C92A50222D2B4C009EA511 /* MainMenu.xib */,
				77C92A53222D2B4C009EA511 /* Info.plist */,
				77C92A54222D2B4C009EA511 /* KAKAMoveMultiTask.entitlements */,
			);
			path = KAKAMoveMultiTask;
			sourceTree = "<group>";
		};
/* End PBXGroup section */

/* Begin PBXNativeTarget section */
		77C92A48222D2B4B009EA511 /* KAKAMoveMultiTask */ = {
			isa = PBXNativeTarget;
			buildConfigurationList = 77C92A57222D2B4C009EA511 /* Build configuration list for PBXNativeTarget "KAKAMoveMultiTask" */;
			buildPhases = (
				77C92A45222D2B4B009EA511 /* Sources */,
				77C92A46222D2B4B009EA511 /* Frameworks */,
				77C92A47222D2B4B009EA511 /* Resources */,
			);
			buildRules = (
			);
			dependencies = (
			);
			name = KAKAMoveMultiTask;
			productName = KAKAMoveMultiTask;
			productReference = 77C92A49222D2B4B009EA511 /* KAKAMoveMultiTask.app */;
			productType = "com.apple.product-type.application";
		};
/* End PBXNativeTarget section */

/* Begin PBXProject section */
		77C92A41222D2B4B009EA511 /* Project object */ = {
			isa = PBXProject;
			attributes = {
				LastSwiftUpdateCheck = 1000;
				LastUpgradeCheck = 1000;
				ORGANIZATIONNAME = kakamove;
				TargetAttributes = {
					77C92A48222D2B4B009EA511 = {
						CreatedOnToolsVersion = 10.0;
					};
				};
			};
			buildConfigurationList = 77C92A44222D2B4B009EA511 /* Build configuration list for PBXProject "KAKAMoveMultiTask" */;
			compatibilityVersion = "Xcode 9.3";
			developmentRegion = en;
			hasScannedForEncodings = 0;
			knownRegions = (
				en,
				Base,
			);
			mainGroup = 77C92A40222D2B4B009EA511;
			productRefGroup = 77C92A4A222D2B4B009EA511 /* Products */;
			projectDirPath = "";
			projectRoot = "";
			targets = (
				77C92A48222D2B4B009EA511 /* KAKAMoveMultiTask */,
			);
		};
/* End PBXProject section */

/* Begin PBXResourcesBuildPhase section */
		77C92A47222D2B4B009EA511 /* Resources */ = {
			isa = PBXResourcesBuildPhase;
			buildActionMask = 2147483647;
			files = (
				77088998222E7C2F006189E3 /* BaseWindowController.xib in Resources */,
				77C92A4F222D2B4C009EA511 /* Assets.xcassets in Resources */,
				77C92A52222D2B4C009EA511 /* MainMenu.xib in Resources */,
			);
			runOnlyForDeploymentPostprocessing = 0;
		};
/* End PBXResourcesBuildPhase section */

/* Begin PBXSourcesBuildPhase section */
		77C92A45222D2B4B009EA511 /* Sources */ = {
			isa = PBXSourcesBuildPhase;
			buildActionMask = 2147483647;
			files = (
				77088AC4222E82AB006189E3 /* TaskTreeWindowController.swift in Sources */,
				77088AC2222E8295006189E3 /* TaskChianWindowController.swift in Sources */,
				772522B0222F54E200EF3CF2 /* TestTask.swift in Sources */,
				7708898F222E78B2006189E3 /* KAKAMoveTaskChain.swift in Sources */,
				77088997222E7C2F006189E3 /* BaseWindowController.swift in Sources */,
				7708898D222E78B2006189E3 /* KAKAMoveTaskTree.swift in Sources */,
				77C92A4D222D2B4B009EA511 /* AppDelegate.swift in Sources */,
				7708898E222E78B2006189E3 /* KAKAMoveTask.swift in Sources */,
				772522B2222F557600EF3CF2 /* UseTimeItem.swift in Sources */,
			);
			runOnlyForDeploymentPostprocessing = 0;
		};
/* End PBXSourcesBuildPhase section */

/* Begin PBXVariantGroup section */
		77C92A50222D2B4C009EA511 /* MainMenu.xib */ = {
			isa = PBXVariantGroup;
			children = (
				77C92A51222D2B4C009EA511 /* Base */,
			);
			name = MainMenu.xib;
			sourceTree = "<group>";
		};
/* End PBXVariantGroup section */

/* Begin XCBuildConfiguration section */
		77C92A55222D2B4C009EA511 /* Debug */ = {
			isa = XCBuildConfiguration;
			buildSettings = {
				ALWAYS_SEARCH_USER_PATHS = NO;
				CLANG_ANALYZER_NONNULL = YES;
				CLANG_ANALYZER_NUMBER_OBJECT_CONVERSION = YES_AGGRESSIVE;
				CLANG_CXX_LANGUAGE_STANDARD = "gnu++14";
				CLANG_CXX_LIBRARY = "libc++";
				CLANG_ENABLE_MODULES = YES;
				CLANG_ENABLE_OBJC_ARC = YES;
				CLANG_ENABLE_OBJC_WEAK = YES;
				CLANG_WARN_BLOCK_CAPTURE_AUTORELEASING = YES;
				CLANG_WARN_BOOL_CONVERSION = YES;
				CLANG_WARN_COMMA = YES;
				CLANG_WARN_CONSTANT_CONVERSION = YES;
				CLANG_WARN_DEPRECATED_OBJC_IMPLEMENTATIONS = YES;
				CLANG_WARN_DIRECT_OBJC_ISA_USAGE = YES_ERROR;
				CLANG_WARN_DOCUMENTATION_COMMENTS = YES;
				CLANG_WARN_EMPTY_BODY = YES;
				CLANG_WARN_ENUM_CONVERSION = YES;
				CLANG_WARN_INFINITE_RECURSION = YES;
				CLANG_WARN_INT_CONVERSION = YES;
				CLANG_WARN_NON_LITERAL_NULL_CONVERSION = YES;
				CLANG_WARN_OBJC_IMPLICIT_RETAIN_SELF = YES;
				CLANG_WARN_OBJC_LITERAL_CONVERSION = YES;
				CLANG_WARN_OBJC_ROOT_CLASS = YES_ERROR;
				CLANG_WARN_RANGE_LOOP_ANALYSIS = YES;
				CLANG_WARN_STRICT_PROTOTYPES = YES;
				CLANG_WARN_SUSPICIOUS_MOVE = YES;
				CLANG_WARN_UNGUARDED_AVAILABILITY = YES_AGGRESSIVE;
				CLANG_WARN_UNREACHABLE_CODE = YES;
				CLANG_WARN__DUPLICATE_METHOD_MATCH = YES;
				CODE_SIGN_IDENTITY = "-";
				COPY_PHASE_STRIP = NO;
				DEBUG_INFORMATION_FORMAT = dwarf;
				ENABLE_STRICT_OBJC_MSGSEND = YES;
				ENABLE_TESTABILITY = YES;
				GCC_C_LANGUAGE_STANDARD = gnu11;
				GCC_DYNAMIC_NO_PIC = NO;
				GCC_NO_COMMON_BLOCKS = YES;
				GCC_OPTIMIZATION_LEVEL = 0;
				GCC_PREPROCESSOR_DEFINITIONS = (
					"DEBUG=1",
					"$(inherited)",
				);
				GCC_WARN_64_TO_32_BIT_CONVERSION = YES;
				GCC_WARN_ABOUT_RETURN_TYPE = YES_ERROR;
				GCC_WARN_UNDECLARED_SELECTOR = YES;
				GCC_WARN_UNINITIALIZED_AUTOS = YES_AGGRESSIVE;
				GCC_WARN_UNUSED_FUNCTION = YES;
				GCC_WARN_UNUSED_VARIABLE = YES;
				MACOSX_DEPLOYMENT_TARGET = 10.14;
				MTL_ENABLE_DEBUG_INFO = INCLUDE_SOURCE;
				MTL_FAST_MATH = YES;
				ONLY_ACTIVE_ARCH = YES;
				SDKROOT = macosx;
				SWIFT_ACTIVE_COMPILATION_CONDITIONS = DEBUG;
				SWIFT_OPTIMIZATION_LEVEL = "-Onone";
			};
			name = Debug;
		};
		77C92A56222D2B4C009EA511 /* Release */ = {
			isa = XCBuildConfiguration;
			buildSettings = {
				ALWAYS_SEARCH_USER_PATHS = NO;
				CLANG_ANALYZER_NONNULL = YES;
				CLANG_ANALYZER_NUMBER_OBJECT_CONVERSION = YES_AGGRESSIVE;
				CLANG_CXX_LANGUAGE_STANDARD = "gnu++14";
				CLANG_CXX_LIBRARY = "libc++";
				CLANG_ENABLE_MODULES = YES;
				CLANG_ENABLE_OBJC_ARC = YES;
				CLANG_ENABLE_OBJC_WEAK = YES;
				CLANG_WARN_BLOCK_CAPTURE_AUTORELEASING = YES;
				CLANG_WARN_BOOL_CONVERSION = YES;
				CLANG_WARN_COMMA = YES;
				CLANG_WARN_CONSTANT_CONVERSION = YES;
				CLANG_WARN_DEPRECATED_OBJC_IMPLEMENTATIONS = YES;
				CLANG_WARN_DIRECT_OBJC_ISA_USAGE = YES_ERROR;
				CLANG_WARN_DOCUMENTATION_COMMENTS = YES;
				CLANG_WARN_EMPTY_BODY = YES;
				CLANG_WARN_ENUM_CONVERSION = YES;
				CLANG_WARN_INFINITE_RECURSION = YES;
				CLANG_WARN_INT_CONVERSION = YES;
				CLANG_WARN_NON_LITERAL_NULL_CONVERSION = YES;
				CLANG_WARN_OBJC_IMPLICIT_RETAIN_SELF = YES;
				CLANG_WARN_OBJC_LITERAL_CONVERSION = YES;
				CLANG_WARN_OBJC_ROOT_CLASS = YES_ERROR;
				CLANG_WARN_RANGE_LOOP_ANALYSIS = YES;
				CLANG_WARN_STRICT_PROTOTYPES = YES;
				CLANG_WARN_SUSPICIOUS_MOVE = YES;
				CLANG_WARN_UNGUARDED_AVAILABILITY = YES_AGGRESSIVE;
				CLANG_WARN_UNREACHABLE_CODE = YES;
				CLANG_WARN__DUPLICATE_METHOD_MATCH = YES;
				CODE_SIGN_IDENTITY = "-";
				COPY_PHASE_STRIP = NO;
				DEBUG_INFORMATION_FORMAT = "dwarf-with-dsym";
				ENABLE_NS_ASSERTIONS = NO;
				ENABLE_STRICT_OBJC_MSGSEND = YES;
				GCC_C_LANGUAGE_STANDARD = gnu11;
				GCC_NO_COMMON_BLOCKS = YES;
				GCC_WARN_64_TO_32_BIT_CONVERSION = YES;
				GCC_WARN_ABOUT_RETURN_TYPE = YES_ERROR;
				GCC_WARN_UNDECLARED_SELECTOR = YES;
				GCC_WARN_UNINITIALIZED_AUTOS = YES_AGGRESSIVE;
				GCC_WARN_UNUSED_FUNCTION = YES;
				GCC_WARN_UNUSED_VARIABLE = YES;
				MACOSX_DEPLOYMENT_TARGET = 10.14;
				MTL_ENABLE_DEBUG_INFO = NO;
				MTL_FAST_MATH = YES;
				SDKROOT = macosx;
				SWIFT_COMPILATION_MODE = wholemodule;
				SWIFT_OPTIMIZATION_LEVEL = "-O";
			};
			name = Release;
		};
		77C92A58222D2B4C009EA511 /* Debug */ = {
			isa = XCBuildConfiguration;
			buildSettings = {
				ASSETCATALOG_COMPILER_APPICON_NAME = AppIcon;
				CODE_SIGN_ENTITLEMENTS = KAKAMoveMultiTask/KAKAMoveMultiTask.entitlements;
				CODE_SIGN_STYLE = Automatic;
				COMBINE_HIDPI_IMAGES = YES;
				INFOPLIST_FILE = KAKAMoveMultiTask/Info.plist;
				LD_RUNPATH_SEARCH_PATHS = (
					"$(inherited)",
					"@executable_path/../Frameworks",
				);
				PRODUCT_BUNDLE_IDENTIFIER = kakamove.KAKAMoveMultiTask;
				PRODUCT_NAME = "$(TARGET_NAME)";
				SWIFT_VERSION = 4.2;
			};
			name = Debug;
		};
		77C92A59222D2B4C009EA511 /* Release */ = {
			isa = XCBuildConfiguration;
			buildSettings = {
				ASSETCATALOG_COMPILER_APPICON_NAME = AppIcon;
				CODE_SIGN_ENTITLEMENTS = KAKAMoveMultiTask/KAKAMoveMultiTask.entitlements;
				CODE_SIGN_STYLE = Automatic;
				COMBINE_HIDPI_IMAGES = YES;
				INFOPLIST_FILE = KAKAMoveMultiTask/Info.plist;
				LD_RUNPATH_SEARCH_PATHS = (
					"$(inherited)",
					"@executable_path/../Frameworks",
				);
				PRODUCT_BUNDLE_IDENTIFIER = kakamove.KAKAMoveMultiTask;
				PRODUCT_NAME = "$(TARGET_NAME)";
				SWIFT_VERSION = 4.2;
			};
			name = Release;
		};
/* End XCBuildConfiguration section */

/* Begin XCConfigurationList section */
		77C92A44222D2B4B009EA511 /* Build configuration list for PBXProject "KAKAMoveMultiTask" */ = {
			isa = XCConfigurationList;
			buildConfigurations = (
				77C92A55222D2B4C009EA511 /* Debug */,
				77C92A56222D2B4C009EA511 /* Release */,
			);
			defaultConfigurationIsVisible = 0;
			defaultConfigurationName = Release;
		};
		77C92A57222D2B4C009EA511 /* Build configuration list for PBXNativeTarget "KAKAMoveMultiTask" */ = {
			isa = XCConfigurationList;
			buildConfigurations = (
				77C92A58222D2B4C009EA511 /* Debug */,
				77C92A59222D2B4C009EA511 /* Release */,
			);
			defaultConfigurationIsVisible = 0;
			defaultConfigurationName = Release;
		};
/* End XCConfigurationList section */
	};
	rootObject = 77C92A41222D2B4B009EA511 /* Project object */;
}
